
Microsoft Visual Studio Solution File, Format Version 12.00
# Visual Studio Version 17
VisualStudioVersion = 17.0.32112.339
MinimumVisualStudioVersion = 10.0.40219.1
Project("{FAE04EC0-301F-11D3-BF4B-00C04F79EFBC}") = "CQRSExam", "CQRSExam\CQRSExam.csproj", "{EAD3CBA2-3A87-489A-9AE4-62B160BC5EAC}"
EndProject
Global
	GlobalSection(SolutionConfigurationPlatforms) = preSolution
		Debug|Any CPU = Debug|Any CPU
		Release|Any CPU = Release|Any CPU
	EndGlobalSection
	GlobalSection(ProjectConfigurationPlatforms) = postSolution
		{EAD3CBA2-3A87-489A-9AE4-62B160BC5EAC}.Debug|Any CPU.ActiveCfg = Debug|Any CPU
		{EAD3CBA2-3A87-489A-9AE4-62B160BC5EAC}.Debug|Any CPU.Build.0 = Debug|Any CPU
		{EAD3CBA2-3A87-489A-9AE4-62B160BC5EAC}.Release|Any CPU.ActiveCfg = Release|Any CPU
		{EAD3CBA2-3A87-489A-9AE4-62B160BC5EAC}.Release|Any CPU.Build.0 = Release|Any CPU
	EndGlobalSection
	GlobalSection(SolutionProperties) = preSolution
		HideSolutionNode = FALSE
	EndGlobalSection
	GlobalSection(ExtensibilityGlobals) = postSolution
		SolutionGuid = {11880D40-85AF-4FFD-887C-2C44E2D4F61F}
	EndGlobalSection
EndGlobal
